
Microsoft Visual Studio Solution File, Format Version 12.00
# Visual Studio Version 17
VisualStudioVersion = 17.3.32901.215
MinimumVisualStudioVersion = 10.0.40219.1
Project("{FAE04EC0-301F-11D3-BF4B-00C04F79EFBC}") = "assignment7_yevhenii", "assignment7_yevhenii\assignment7_yevhenii.csproj", "{DEDDBD27-86DC-45F8-9CA5-AF2904961559}"
EndProject
Global
	GlobalSection(SolutionConfigurationPlatforms) = preSolution
		Debug|Any CPU = Debug|Any CPU
		Release|Any CPU = Release|Any CPU
	EndGlobalSection
	GlobalSection(ProjectConfigurationPlatforms) = postSolution
		{DEDDBD27-86DC-45F8-9CA5-AF2904961559}.Debug|Any CPU.ActiveCfg = Debug|Any CPU
		{DEDDBD27-86DC-45F8-9CA5-AF2904961559}.Debug|Any CPU.Build.0 = Debug|Any CPU
		{DEDDBD27-86DC-45F8-9CA5-AF2904961559}.Release|Any CPU.ActiveCfg = Release|Any CPU
		{DEDDBD27-86DC-45F8-9CA5-AF2904961559}.Release|Any CPU.Build.0 = Release|Any CPU
	EndGlobalSection
	GlobalSection(SolutionProperties) = preSolution
		HideSolutionNode = FALSE
	EndGlobalSection
	GlobalSection(ExtensibilityGlobals) = postSolution
		SolutionGuid = {82A470A4-CE89-4295-81E5-F291C39FA18A}
	EndGlobalSection
EndGlobal
